
Microsoft Visual Studio Solution File, Format Version 12.00
# Visual Studio Version 17
VisualStudioVersion = 17.4.33213.308
MinimumVisualStudioVersion = 10.0.40219.1
Project("{9A19103F-16F7-4668-BE54-9A1E7A4F7556}") = "Collection", "Collection\Collection.csproj", "{2B6E270A-A869-4C33-9E96-11CBDF52E75A}"
EndProject
Project("{FAE04EC0-301F-11D3-BF4B-00C04F79EFBC}") = "Collection.UnitTests", "Collection.UnitTests\Collection.UnitTests.csproj", "{AE704666-72BB-475B-AE99-49EC7815C077}"
EndProject
Global
	GlobalSection(SolutionConfigurationPlatforms) = preSolution
		Debug|Any CPU = Debug|Any CPU
		Release|Any CPU = Release|Any CPU
	EndGlobalSection
	GlobalSection(ProjectConfigurationPlatforms) = postSolution
		{2B6E270A-A869-4C33-9E96-11CBDF52E75A}.Debug|Any CPU.ActiveCfg = Debug|Any CPU
		{2B6E270A-A869-4C33-9E96-11CBDF52E75A}.Debug|Any CPU.Build.0 = Debug|Any CPU
		{2B6E270A-A869-4C33-9E96-11CBDF52E75A}.Release|Any CPU.ActiveCfg = Release|Any CPU
		{2B6E270A-A869-4C33-9E96-11CBDF52E75A}.Release|Any CPU.Build.0 = Release|Any CPU
		{AE704666-72BB-475B-AE99-49EC7815C077}.Debug|Any CPU.ActiveCfg = Debug|Any CPU
		{AE704666-72BB-475B-AE99-49EC7815C077}.Debug|Any CPU.Build.0 = Debug|Any CPU
		{AE704666-72BB-475B-AE99-49EC7815C077}.Release|Any CPU.ActiveCfg = Release|Any CPU
		{AE704666-72BB-475B-AE99-49EC7815C077}.Release|Any CPU.Build.0 = Release|Any CPU
	EndGlobalSection
	GlobalSection(SolutionProperties) = preSolution
		HideSolutionNode = FALSE
	EndGlobalSection
	GlobalSection(ExtensibilityGlobals) = postSolution
		SolutionGuid = {DCEAF26C-8E0D-4835-92EC-AA17B1BF0C24}
	EndGlobalSection
EndGlobal
